
Microsoft Visual Studio Solution File, Format Version 12.00
# Visual Studio Version 17
VisualStudioVersion = 17.11.35312.102
MinimumVisualStudioVersion = 10.0.40219.1
Project("{9A19103F-16F7-4668-BE54-9A1E7A4F7556}") = "MlStart", "MlStart.csproj", "{92B0580F-9AEF-46A9-9B06-2578D5696A71}"
	ProjectSection(ProjectDependencies) = postProject
		{E6F2BD8F-EBD6-4090-A889-4FBA30510043} = {E6F2BD8F-EBD6-4090-A889-4FBA30510043}
		{FAC7CEFE-4B4A-4B22-BF8B-B8A8640FD91A} = {FAC7CEFE-4B4A-4B22-BF8B-B8A8640FD91A}
	EndProjectSection
EndProject
Project("{9A19103F-16F7-4668-BE54-9A1E7A4F7556}") = "SecondStage", "..\SecondStage\SecondStage.csproj", "{35A1AC14-BDAB-40FA-9643-DBDC0F5AC67E}"
	ProjectSection(ProjectDependencies) = postProject
		{92B0580F-9AEF-46A9-9B06-2578D5696A71} = {92B0580F-9AEF-46A9-9B06-2578D5696A71}
	EndProjectSection
EndProject
Project("{9A19103F-16F7-4668-BE54-9A1E7A4F7556}") = "ClassLibrary", "..\ClassLibrary\ClassLibrary.csproj", "{E6F2BD8F-EBD6-4090-A889-4FBA30510043}"
EndProject
Project("{9A19103F-16F7-4668-BE54-9A1E7A4F7556}") = "ThirdStage", "..\ThirdStage\ThirdStage.csproj", "{FAC7CEFE-4B4A-4B22-BF8B-B8A8640FD91A}"
EndProject
Project("{9A19103F-16F7-4668-BE54-9A1E7A4F7556}") = "RoutingExample", "..\RoutingExample\RoutingExample.csproj", "{ACA5DFB1-6400-4901-AA9A-657ED5598EAB}"
EndProject
Project("{9A19103F-16F7-4668-BE54-9A1E7A4F7556}") = "EmailConfirmationApp", "..\EmailConfirmationApp\EmailConfirmationApp.csproj", "{137C6FB6-6624-48B8-917B-FB8E61894A39}"
	ProjectSection(ProjectDependencies) = postProject
		{E6F2BD8F-EBD6-4090-A889-4FBA30510043} = {E6F2BD8F-EBD6-4090-A889-4FBA30510043}
	EndProjectSection
EndProject
Project("{FAE04EC0-301F-11D3-BF4B-00C04F79EFBC}") = "SignalRApplication", "..\SignalRApplication\SignalRApplication.csproj", "{2E7F8233-C70F-4A0B-9DB2-BEDDE0754ADF}"
EndProject
Global
	GlobalSection(SolutionConfigurationPlatforms) = preSolution
		Debug|Any CPU = Debug|Any CPU
		Release|Any CPU = Release|Any CPU
	EndGlobalSection
	GlobalSection(ProjectConfigurationPlatforms) = postSolution
		{92B0580F-9AEF-46A9-9B06-2578D5696A71}.Debug|Any CPU.ActiveCfg = Debug|Any CPU
		{92B0580F-9AEF-46A9-9B06-2578D5696A71}.Debug|Any CPU.Build.0 = Debug|Any CPU
		{92B0580F-9AEF-46A9-9B06-2578D5696A71}.Release|Any CPU.ActiveCfg = Release|Any CPU
		{92B0580F-9AEF-46A9-9B06-2578D5696A71}.Release|Any CPU.Build.0 = Release|Any CPU
		{35A1AC14-BDAB-40FA-9643-DBDC0F5AC67E}.Debug|Any CPU.ActiveCfg = Debug|Any CPU
		{35A1AC14-BDAB-40FA-9643-DBDC0F5AC67E}.Debug|Any CPU.Build.0 = Debug|Any CPU
		{35A1AC14-BDAB-40FA-9643-DBDC0F5AC67E}.Release|Any CPU.ActiveCfg = Release|Any CPU
		{35A1AC14-BDAB-40FA-9643-DBDC0F5AC67E}.Release|Any CPU.Build.0 = Release|Any CPU
		{E6F2BD8F-EBD6-4090-A889-4FBA30510043}.Debug|Any CPU.ActiveCfg = Debug|Any CPU
		{E6F2BD8F-EBD6-4090-A889-4FBA30510043}.Debug|Any CPU.Build.0 = Debug|Any CPU
		{E6F2BD8F-EBD6-4090-A889-4FBA30510043}.Release|Any CPU.ActiveCfg = Release|Any CPU
		{E6F2BD8F-EBD6-4090-A889-4FBA30510043}.Release|Any CPU.Build.0 = Release|Any CPU
		{FAC7CEFE-4B4A-4B22-BF8B-B8A8640FD91A}.Debug|Any CPU.ActiveCfg = Debug|Any CPU
		{FAC7CEFE-4B4A-4B22-BF8B-B8A8640FD91A}.Debug|Any CPU.Build.0 = Debug|Any CPU
		{FAC7CEFE-4B4A-4B22-BF8B-B8A8640FD91A}.Release|Any CPU.ActiveCfg = Release|Any CPU
		{FAC7CEFE-4B4A-4B22-BF8B-B8A8640FD91A}.Release|Any CPU.Build.0 = Release|Any CPU
		{ACA5DFB1-6400-4901-AA9A-657ED5598EAB}.Debug|Any CPU.ActiveCfg = Debug|Any CPU
		{ACA5DFB1-6400-4901-AA9A-657ED5598EAB}.Debug|Any CPU.Build.0 = Debug|Any CPU
		{ACA5DFB1-6400-4901-AA9A-657ED5598EAB}.Release|Any CPU.ActiveCfg = Release|Any CPU
		{ACA5DFB1-6400-4901-AA9A-657ED5598EAB}.Release|Any CPU.Build.0 = Release|Any CPU
		{137C6FB6-6624-48B8-917B-FB8E61894A39}.Debug|Any CPU.ActiveCfg = Debug|Any CPU
		{137C6FB6-6624-48B8-917B-FB8E61894A39}.Debug|Any CPU.Build.0 = Debug|Any CPU
		{137C6FB6-6624-48B8-917B-FB8E61894A39}.Release|Any CPU.ActiveCfg = Release|Any CPU
		{137C6FB6-6624-48B8-917B-FB8E61894A39}.Release|Any CPU.Build.0 = Release|Any CPU
		{2E7F8233-C70F-4A0B-9DB2-BEDDE0754ADF}.Debug|Any CPU.ActiveCfg = Debug|Any CPU
		{2E7F8233-C70F-4A0B-9DB2-BEDDE0754ADF}.Debug|Any CPU.Build.0 = Debug|Any CPU
		{2E7F8233-C70F-4A0B-9DB2-BEDDE0754ADF}.Release|Any CPU.ActiveCfg = Release|Any CPU
		{2E7F8233-C70F-4A0B-9DB2-BEDDE0754ADF}.Release|Any CPU.Build.0 = Release|Any CPU
	EndGlobalSection
	GlobalSection(SolutionProperties) = preSolution
		HideSolutionNode = FALSE
	EndGlobalSection
	GlobalSection(ExtensibilityGlobals) = postSolution
		SolutionGuid = {EF9E45C2-BC47-4441-943E-3EEC7A1CA2F9}
	EndGlobalSection
EndGlobal
